
Microsoft Visual Studio Solution File, Format Version 12.00
# Visual Studio 15
VisualStudioVersion = 15.0.28307.329
MinimumVisualStudioVersion = 10.0.40219.1
Project("{FAE04EC0-301F-11D3-BF4B-00C04F79EFBC}") = "TestesUnitarios", "TestesUnitarios\TestesUnitarios.csproj", "{04FC13A1-13AB-40DD-95C7-448B7EF9589A}"
EndProject
Project("{FAE04EC0-301F-11D3-BF4B-00C04F79EFBC}") = "Testes", "Testes\Testes.csproj", "{5D685384-1C12-4127-AA22-56B6AADE7C09}"
EndProject
Global
	GlobalSection(SolutionConfigurationPlatforms) = preSolution
		Debug|Any CPU = Debug|Any CPU
		Release|Any CPU = Release|Any CPU
	EndGlobalSection
	GlobalSection(ProjectConfigurationPlatforms) = postSolution
		{04FC13A1-13AB-40DD-95C7-448B7EF9589A}.Debug|Any CPU.ActiveCfg = Debug|Any CPU
		{04FC13A1-13AB-40DD-95C7-448B7EF9589A}.Debug|Any CPU.Build.0 = Debug|Any CPU
		{04FC13A1-13AB-40DD-95C7-448B7EF9589A}.Release|Any CPU.ActiveCfg = Release|Any CPU
		{04FC13A1-13AB-40DD-95C7-448B7EF9589A}.Release|Any CPU.Build.0 = Release|Any CPU
		{5D685384-1C12-4127-AA22-56B6AADE7C09}.Debug|Any CPU.ActiveCfg = Debug|Any CPU
		{5D685384-1C12-4127-AA22-56B6AADE7C09}.Debug|Any CPU.Build.0 = Debug|Any CPU
		{5D685384-1C12-4127-AA22-56B6AADE7C09}.Release|Any CPU.ActiveCfg = Release|Any CPU
		{5D685384-1C12-4127-AA22-56B6AADE7C09}.Release|Any CPU.Build.0 = Release|Any CPU
	EndGlobalSection
	GlobalSection(SolutionProperties) = preSolution
		HideSolutionNode = FALSE
	EndGlobalSection
	GlobalSection(ExtensibilityGlobals) = postSolution
		SolutionGuid = {730DD373-FBAC-4911-A4E1-2641CA64D37D}
	EndGlobalSection
EndGlobal
